
Microsoft Visual Studio Solution File, Format Version 12.00
# Visual Studio Version 16
VisualStudioVersion = 16.0.31005.135
MinimumVisualStudioVersion = 10.0.40219.1
Project("{FAE04EC0-301F-11D3-BF4B-00C04F79EFBC}") = "gradeStat", "gradeStat\gradeStat.csproj", "{4D7313A7-BF53-45F2-BA14-4107CB66D1AC}"
EndProject
Global
	GlobalSection(SolutionConfigurationPlatforms) = preSolution
		Debug|Any CPU = Debug|Any CPU
		Release|Any CPU = Release|Any CPU
	EndGlobalSection
	GlobalSection(ProjectConfigurationPlatforms) = postSolution
		{4D7313A7-BF53-45F2-BA14-4107CB66D1AC}.Debug|Any CPU.ActiveCfg = Debug|Any CPU
		{4D7313A7-BF53-45F2-BA14-4107CB66D1AC}.Debug|Any CPU.Build.0 = Debug|Any CPU
		{4D7313A7-BF53-45F2-BA14-4107CB66D1AC}.Release|Any CPU.ActiveCfg = Release|Any CPU
		{4D7313A7-BF53-45F2-BA14-4107CB66D1AC}.Release|Any CPU.Build.0 = Release|Any CPU
	EndGlobalSection
	GlobalSection(SolutionProperties) = preSolution
		HideSolutionNode = FALSE
	EndGlobalSection
	GlobalSection(ExtensibilityGlobals) = postSolution
		SolutionGuid = {03131E02-B32C-4A4B-9060-8A9A20622A4D}
	EndGlobalSection
EndGlobal
